
Microsoft Visual Studio Solution File, Format Version 12.00
# Visual Studio Version 17
VisualStudioVersion = 17.13.35913.81 d17.13
MinimumVisualStudioVersion = 10.0.40219.1
Project("{FAE04EC0-301F-11D3-BF4B-00C04F79EFBC}") = "MiniExcelDemo", "MiniExcelDemo\MiniExcelDemo.csproj", "{5967C743-05E2-4E41-9388-5DF4C7E5EC61}"
EndProject
Global
	GlobalSection(SolutionConfigurationPlatforms) = preSolution
		Debug|Any CPU = Debug|Any CPU
		Release|Any CPU = Release|Any CPU
	EndGlobalSection
	GlobalSection(ProjectConfigurationPlatforms) = postSolution
		{5967C743-05E2-4E41-9388-5DF4C7E5EC61}.Debug|Any CPU.ActiveCfg = Debug|Any CPU
		{5967C743-05E2-4E41-9388-5DF4C7E5EC61}.Debug|Any CPU.Build.0 = Debug|Any CPU
		{5967C743-05E2-4E41-9388-5DF4C7E5EC61}.Release|Any CPU.ActiveCfg = Release|Any CPU
		{5967C743-05E2-4E41-9388-5DF4C7E5EC61}.Release|Any CPU.Build.0 = Release|Any CPU
	EndGlobalSection
	GlobalSection(SolutionProperties) = preSolution
		HideSolutionNode = FALSE
	EndGlobalSection
	GlobalSection(ExtensibilityGlobals) = postSolution
		SolutionGuid = {421B0CB0-6DE1-419C-87A1-1760B883E4D3}
	EndGlobalSection
EndGlobal
